// !$*UTF8*$!
{
	archiveVersion = 1;
	classes = {
	};
	objectVersion = 46;
	objects = {

/* Begin PBXBuildFile section */
		1D3623260D0F684500981E51 /* TimeMusicAppDelegate.m in Sources */ = {isa = PBXBuildFile; fileRef = 1D3623250D0F684500981E51 /* TimeMusicAppDelegate.m */; };
		1D60589B0D05DD56006BFB54 /* main.m in Sources */ = {isa = PBXBuildFile; fileRef = 29B97316FDCFA39411CA2CEA /* main.m */; };
		1D60589F0D05DD5A006BFB54 /* Foundation.framework in Frameworks */ = {isa = PBXBuildFile; fileRef = 1D30AB110D05D00D00671497 /* Foundation.framework */; };
		1DF5F4E00D08C38300B7A737 /* UIKit.framework in Frameworks */ = {isa = PBXBuildFile; fileRef = 1DF5F4DF0D08C38300B7A737 /* UIKit.framework */; };
		288765A50DF7441C002DB57D /* CoreGraphics.framework in Frameworks */ = {isa = PBXBuildFile; fileRef = 288765A40DF7441C002DB57D /* CoreGraphics.framework */; };
		2899E5220DE3E06400AC0155 /* TimeMusicViewController.xib in Resources */ = {isa = PBXBuildFile; fileRef = 2899E5210DE3E06400AC0155 /* TimeMusicViewController.xib */; };
		28AD733F0D9D9553002E5188 /* MainWindow.xib in Resources */ = {isa = PBXBuildFile; fileRef = 28AD733E0D9D9553002E5188 /* MainWindow.xib */; };
		28D7ACF80DDB3853001CB0EB /* TimeMusicViewController.m in Sources */ = {isa = PBXBuildFile; fileRef = 28D7ACF70DDB3853001CB0EB /* TimeMusicViewController.m */; };
		6E40BFC513140EA300580608 /* InfoPlist.strings in Resources */ = {isa = PBXBuildFile; fileRef = 6E40BFC413140EA300580608 /* InfoPlist.strings */; };
		6E6E997A1313DF74006C9554 /* musicOff.png in Resources */ = {isa = PBXBuildFile; fileRef = 6E6E99741313DF74006C9554 /* musicOff.png */; };
		6E6E997B1313DF74006C9554 /* musicOn.png in Resources */ = {isa = PBXBuildFile; fileRef = 6E6E99751313DF74006C9554 /* musicOn.png */; };
		6E6E997C1313DF74006C9554 /* playOff.png in Resources */ = {isa = PBXBuildFile; fileRef = 6E6E99761313DF74006C9554 /* playOff.png */; };
		6E6E997D1313DF74006C9554 /* playOn.png in Resources */ = {isa = PBXBuildFile; fileRef = 6E6E99771313DF74006C9554 /* playOn.png */; };
		6E6E997E1313DF74006C9554 /* stopOff.png in Resources */ = {isa = PBXBuildFile; fileRef = 6E6E99781313DF74006C9554 /* stopOff.png */; };
		6E6E997F1313DF74006C9554 /* stopOn.png in Resources */ = {isa = PBXBuildFile; fileRef = 6E6E99791313DF74006C9554 /* stopOn.png */; };
		6E6E99931313E266006C9554 /* Default.png in Resources */ = {isa = PBXBuildFile; fileRef = 6E6E99921313E266006C9554 /* Default.png */; };
		6ED4F3A3130FCE6D00526736 /* Icon.png in Resources */ = {isa = PBXBuildFile; fileRef = 6ED4F3A1130FCE6D00526736 /* Icon.png */; };
		6ED4F3A4130FCE6D00526736 /* Icon@2x.png in Resources */ = {isa = PBXBuildFile; fileRef = 6ED4F3A2130FCE6D00526736 /* Icon@2x.png */; };
		6ED4F3BC130FD35000526736 /* MediaPlayer.framework in Frameworks */ = {isa = PBXBuildFile; fileRef = 6ED4F3BB130FD35000526736 /* MediaPlayer.framework */; };
		6ED4F4EC1312B9F000526736 /* iAd.framework in Frameworks */ = {isa = PBXBuildFile; fileRef = 6ED4F4EB1312B9F000526736 /* iAd.framework */; };
		6EF3BC50130F5387004D2BBF /* TimePickerView.m in Sources */ = {isa = PBXBuildFile; fileRef = 6EF3BC4F130F5387004D2BBF /* TimePickerView.m */; };
		6EFF15D317204BB70013462D /* Default-568h@2x.png in Resources */ = {isa = PBXBuildFile; fileRef = 6EFF15D217204BB70013462D /* Default-568h@2x.png */; };
/* End PBXBuildFile section */

/* Begin PBXFileReference section */
		1D30AB110D05D00D00671497 /* Foundation.framework */ = {isa = PBXFileReference; lastKnownFileType = wrapper.framework; name = Foundation.framework; path = System/Library/Frameworks/Foundation.framework; sourceTree = SDKROOT; };
		1D3623240D0F684500981E51 /* TimeMusicAppDelegate.h */ = {isa = PBXFileReference; fileEncoding = 4; lastKnownFileType = sourcecode.c.h; path = TimeMusicAppDelegate.h; sourceTree = "<group>"; };
		1D3623250D0F684500981E51 /* TimeMusicAppDelegate.m */ = {isa = PBXFileReference; fileEncoding = 4; lastKnownFileType = sourcecode.c.objc; path = TimeMusicAppDelegate.m; sourceTree = "<group>"; };
		1D6058910D05DD3D006BFB54 /* TimeMusic.app */ = {isa = PBXFileReference; explicitFileType = wrapper.application; includeInIndex = 0; path = TimeMusic.app; sourceTree = BUILT_PRODUCTS_DIR; };
		1DF5F4DF0D08C38300B7A737 /* UIKit.framework */ = {isa = PBXFileReference; lastKnownFileType = wrapper.framework; name = UIKit.framework; path = System/Library/Frameworks/UIKit.framework; sourceTree = SDKROOT; };
		288765A40DF7441C002DB57D /* CoreGraphics.framework */ = {isa = PBXFileReference; lastKnownFileType = wrapper.framework; name = CoreGraphics.framework; path = System/Library/Frameworks/CoreGraphics.framework; sourceTree = SDKROOT; };
		2899E5210DE3E06400AC0155 /* TimeMusicViewController.xib */ = {isa = PBXFileReference; lastKnownFileType = file.xib; path = TimeMusicViewController.xib; sourceTree = "<group>"; };
		28AD733E0D9D9553002E5188 /* MainWindow.xib */ = {isa = PBXFileReference; lastKnownFileType = file.xib; path = MainWindow.xib; sourceTree = "<group>"; };
		28D7ACF60DDB3853001CB0EB /* TimeMusicViewController.h */ = {isa = PBXFileReference; fileEncoding = 4; lastKnownFileType = sourcecode.c.h; path = TimeMusicViewController.h; sourceTree = "<group>"; };
		28D7ACF70DDB3853001CB0EB /* TimeMusicViewController.m */ = {isa = PBXFileReference; fileEncoding = 4; lastKnownFileType = sourcecode.c.objc; path = TimeMusicViewController.m; sourceTree = "<group>"; };
		29B97316FDCFA39411CA2CEA /* main.m */ = {isa = PBXFileReference; fileEncoding = 4; lastKnownFileType = sourcecode.c.objc; path = main.m; sourceTree = "<group>"; };
		32CA4F630368D1EE00C91783 /* TimeMusic_Prefix.pch */ = {isa = PBXFileReference; fileEncoding = 4; lastKnownFileType = sourcecode.c.h; path = TimeMusic_Prefix.pch; sourceTree = "<group>"; };
		6E40BFC213140E5A00580608 /* English */ = {isa = PBXFileReference; fileEncoding = 4; lastKnownFileType = text.plist.strings; name = English; path = Resources/English.lproj/InfoPlist.strings; sourceTree = "<group>"; };
		6E40BFC613140EC900580608 /* Japanese */ = {isa = PBXFileReference; lastKnownFileType = text.plist.strings; name = Japanese; path = Resources/Japanese.lproj/InfoPlist.strings; sourceTree = "<group>"; };
		6E6E99741313DF74006C9554 /* musicOff.png */ = {isa = PBXFileReference; lastKnownFileType = image.png; path = musicOff.png; sourceTree = "<group>"; };
		6E6E99751313DF74006C9554 /* musicOn.png */ = {isa = PBXFileReference; lastKnownFileType = image.png; path = musicOn.png; sourceTree = "<group>"; };
		6E6E99761313DF74006C9554 /* playOff.png */ = {isa = PBXFileReference; lastKnownFileType = image.png; path = playOff.png; sourceTree = "<group>"; };
		6E6E99771313DF74006C9554 /* playOn.png */ = {isa = PBXFileReference; lastKnownFileType = image.png; path = playOn.png; sourceTree = "<group>"; };
		6E6E99781313DF74006C9554 /* stopOff.png */ = {isa = PBXFileReference; lastKnownFileType = image.png; path = stopOff.png; sourceTree = "<group>"; };
		6E6E99791313DF74006C9554 /* stopOn.png */ = {isa = PBXFileReference; lastKnownFileType = image.png; path = stopOn.png; sourceTree = "<group>"; };
		6E6E99921313E266006C9554 /* Default.png */ = {isa = PBXFileReference; lastKnownFileType = image.png; path = Default.png; sourceTree = "<group>"; };
		6ED4F3A1130FCE6D00526736 /* Icon.png */ = {isa = PBXFileReference; lastKnownFileType = image.png; path = Icon.png; sourceTree = "<group>"; };
		6ED4F3A2130FCE6D00526736 /* Icon@2x.png */ = {isa = PBXFileReference; lastKnownFileType = image.png; path = "Icon@2x.png"; sourceTree = "<group>"; };
		6ED4F3BB130FD35000526736 /* MediaPlayer.framework */ = {isa = PBXFileReference; lastKnownFileType = wrapper.framework; name = MediaPlayer.framework; path = System/Library/Frameworks/MediaPlayer.framework; sourceTree = SDKROOT; };
		6ED4F4EB1312B9F000526736 /* iAd.framework */ = {isa = PBXFileReference; lastKnownFileType = wrapper.framework; name = iAd.framework; path = System/Library/Frameworks/iAd.framework; sourceTree = SDKROOT; };
		6EF3BC4E130F5387004D2BBF /* TimePickerView.h */ = {isa = PBXFileReference; fileEncoding = 4; lastKnownFileType = sourcecode.c.h; path = TimePickerView.h; sourceTree = "<group>"; };
		6EF3BC4F130F5387004D2BBF /* TimePickerView.m */ = {isa = PBXFileReference; fileEncoding = 4; lastKnownFileType = sourcecode.c.objc; path = TimePickerView.m; sourceTree = "<group>"; };
		6EFF15D217204BB70013462D /* Default-568h@2x.png */ = {isa = PBXFileReference; lastKnownFileType = image.png; path = "Default-568h@2x.png"; sourceTree = "<group>"; };
		8D1107310486CEB800E47090 /* TimeMusic-Info.plist */ = {isa = PBXFileReference; fileEncoding = 4; lastKnownFileType = text.plist.xml; path = "TimeMusic-Info.plist"; plistStructureDefinitionIdentifier = "com.apple.xcode.plist.structure-definition.iphone.info-plist"; sourceTree = "<group>"; };
/* End PBXFileReference section */

/* Begin PBXFrameworksBuildPhase section */
		1D60588F0D05DD3D006BFB54 /* Frameworks */ = {
			isa = PBXFrameworksBuildPhase;
			buildActionMask = 2147483647;
			files = (
				1D60589F0D05DD5A006BFB54 /* Foundation.framework in Frameworks */,
				1DF5F4E00D08C38300B7A737 /* UIKit.framework in Frameworks */,
				288765A50DF7441C002DB57D /* CoreGraphics.framework in Frameworks */,
				6ED4F3BC130FD35000526736 /* MediaPlayer.framework in Frameworks */,
				6ED4F4EC1312B9F000526736 /* iAd.framework in Frameworks */,
			);
			runOnlyForDeploymentPostprocessing = 0;
		};
/* End PBXFrameworksBuildPhase section */

/* Begin PBXGroup section */
		080E96DDFE201D6D7F000001 /* Classes */ = {
			isa = PBXGroup;
			children = (
				6EF3BC4D130F5387004D2BBF /* Util */,
				1D3623240D0F684500981E51 /* TimeMusicAppDelegate.h */,
				1D3623250D0F684500981E51 /* TimeMusicAppDelegate.m */,
				28D7ACF60DDB3853001CB0EB /* TimeMusicViewController.h */,
				28D7ACF70DDB3853001CB0EB /* TimeMusicViewController.m */,
			);
			path = Classes;
			sourceTree = "<group>";
		};
		19C28FACFE9D520D11CA2CBB /* Products */ = {
			isa = PBXGroup;
			children = (
				1D6058910D05DD3D006BFB54 /* TimeMusic.app */,
			);
			name = Products;
			sourceTree = "<group>";
		};
		29B97314FDCFA39411CA2CEA /* CustomTemplate */ = {
			isa = PBXGroup;
			children = (
				6EFF15D217204BB70013462D /* Default-568h@2x.png */,
				080E96DDFE201D6D7F000001 /* Classes */,
				29B97315FDCFA39411CA2CEA /* Other Sources */,
				29B97317FDCFA39411CA2CEA /* Resources */,
				29B97323FDCFA39411CA2CEA /* Frameworks */,
				19C28FACFE9D520D11CA2CBB /* Products */,
			);
			name = CustomTemplate;
			sourceTree = "<group>";
		};
		29B97315FDCFA39411CA2CEA /* Other Sources */ = {
			isa = PBXGroup;
			children = (
				32CA4F630368D1EE00C91783 /* TimeMusic_Prefix.pch */,
				29B97316FDCFA39411CA2CEA /* main.m */,
			);
			name = "Other Sources";
			sourceTree = "<group>";
		};
		29B97317FDCFA39411CA2CEA /* Resources */ = {
			isa = PBXGroup;
			children = (
				6E6E99731313DF74006C9554 /* Image */,
				6ED4F3A1130FCE6D00526736 /* Icon.png */,
				6ED4F3A2130FCE6D00526736 /* Icon@2x.png */,
				2899E5210DE3E06400AC0155 /* TimeMusicViewController.xib */,
				28AD733E0D9D9553002E5188 /* MainWindow.xib */,
				8D1107310486CEB800E47090 /* TimeMusic-Info.plist */,
				6E6E99921313E266006C9554 /* Default.png */,
				6E40BFC413140EA300580608 /* InfoPlist.strings */,
			);
			name = Resources;
			sourceTree = "<group>";
		};
		29B97323FDCFA39411CA2CEA /* Frameworks */ = {
			isa = PBXGroup;
			children = (
				6ED4F3BB130FD35000526736 /* MediaPlayer.framework */,
				1DF5F4DF0D08C38300B7A737 /* UIKit.framework */,
				1D30AB110D05D00D00671497 /* Foundation.framework */,
				288765A40DF7441C002DB57D /* CoreGraphics.framework */,
				6ED4F4EB1312B9F000526736 /* iAd.framework */,
			);
			name = Frameworks;
			sourceTree = "<group>";
		};
		6E6E99731313DF74006C9554 /* Image */ = {
			isa = PBXGroup;
			children = (
				6E6E99741313DF74006C9554 /* musicOff.png */,
				6E6E99751313DF74006C9554 /* musicOn.png */,
				6E6E99761313DF74006C9554 /* playOff.png */,
				6E6E99771313DF74006C9554 /* playOn.png */,
				6E6E99781313DF74006C9554 /* stopOff.png */,
				6E6E99791313DF74006C9554 /* stopOn.png */,
			);
			path = Image;
			sourceTree = "<group>";
		};
		6EF3BC4D130F5387004D2BBF /* Util */ = {
			isa = PBXGroup;
			children = (
				6EF3BC4E130F5387004D2BBF /* TimePickerView.h */,
				6EF3BC4F130F5387004D2BBF /* TimePickerView.m */,
			);
			path = Util;
			sourceTree = "<group>";
		};
/* End PBXGroup section */

/* Begin PBXNativeTarget section */
		1D6058900D05DD3D006BFB54 /* TimeMusic */ = {
			isa = PBXNativeTarget;
			buildConfigurationList = 1D6058960D05DD3E006BFB54 /* Build configuration list for PBXNativeTarget "TimeMusic" */;
			buildPhases = (
				1D60588D0D05DD3D006BFB54 /* Resources */,
				1D60588E0D05DD3D006BFB54 /* Sources */,
				1D60588F0D05DD3D006BFB54 /* Frameworks */,
			);
			buildRules = (
			);
			dependencies = (
			);
			name = TimeMusic;
			productName = TimeMusic;
			productReference = 1D6058910D05DD3D006BFB54 /* TimeMusic.app */;
			productType = "com.apple.product-type.application";
		};
/* End PBXNativeTarget section */

/* Begin PBXProject section */
		29B97313FDCFA39411CA2CEA /* Project object */ = {
			isa = PBXProject;
			attributes = {
				LastUpgradeCheck = 0450;
				ORGANIZATIONNAME = kura;
			};
			buildConfigurationList = C01FCF4E08A954540054247B /* Build configuration list for PBXProject "TimeMusic" */;
			compatibilityVersion = "Xcode 3.2";
			developmentRegion = English;
			hasScannedForEncodings = 1;
			knownRegions = (
				English,
				Japanese,
				French,
				German,
			);
			mainGroup = 29B97314FDCFA39411CA2CEA /* CustomTemplate */;
			projectDirPath = "";
			projectRoot = "";
			targets = (
				1D6058900D05DD3D006BFB54 /* TimeMusic */,
			);
		};
/* End PBXProject section */

/* Begin PBXResourcesBuildPhase section */
		1D60588D0D05DD3D006BFB54 /* Resources */ = {
			isa = PBXResourcesBuildPhase;
			buildActionMask = 2147483647;
			files = (
				28AD733F0D9D9553002E5188 /* MainWindow.xib in Resources */,
				2899E5220DE3E06400AC0155 /* TimeMusicViewController.xib in Resources */,
				6ED4F3A3130FCE6D00526736 /* Icon.png in Resources */,
				6ED4F3A4130FCE6D00526736 /* Icon@2x.png in Resources */,
				6E6E997A1313DF74006C9554 /* musicOff.png in Resources */,
				6E6E997B1313DF74006C9554 /* musicOn.png in Resources */,
				6E6E997C1313DF74006C9554 /* playOff.png in Resources */,
				6E6E997D1313DF74006C9554 /* playOn.png in Resources */,
				6E6E997E1313DF74006C9554 /* stopOff.png in Resources */,
				6E6E997F1313DF74006C9554 /* stopOn.png in Resources */,
				6E6E99931313E266006C9554 /* Default.png in Resources */,
				6E40BFC513140EA300580608 /* InfoPlist.strings in Resources */,
				6EFF15D317204BB70013462D /* Default-568h@2x.png in Resources */,
			);
			runOnlyForDeploymentPostprocessing = 0;
		};
/* End PBXResourcesBuildPhase section */

/* Begin PBXSourcesBuildPhase section */
		1D60588E0D05DD3D006BFB54 /* Sources */ = {
			isa = PBXSourcesBuildPhase;
			buildActionMask = 2147483647;
			files = (
				1D60589B0D05DD56006BFB54 /* main.m in Sources */,
				1D3623260D0F684500981E51 /* TimeMusicAppDelegate.m in Sources */,
				28D7ACF80DDB3853001CB0EB /* TimeMusicViewController.m in Sources */,
				6EF3BC50130F5387004D2BBF /* TimePickerView.m in Sources */,
			);
			runOnlyForDeploymentPostprocessing = 0;
		};
/* End PBXSourcesBuildPhase section */

/* Begin PBXVariantGroup section */
		6E40BFC413140EA300580608 /* InfoPlist.strings */ = {
			isa = PBXVariantGroup;
			children = (
				6E40BFC213140E5A00580608 /* English */,
				6E40BFC613140EC900580608 /* Japanese */,
			);
			name = InfoPlist.strings;
			sourceTree = "<group>";
		};
/* End PBXVariantGroup section */

/* Begin XCBuildConfiguration section */
		1D6058940D05DD3E006BFB54 /* Debug */ = {
			isa = XCBuildConfiguration;
			buildSettings = {
				ALWAYS_SEARCH_USER_PATHS = NO;
				COPY_PHASE_STRIP = NO;
				GCC_DYNAMIC_NO_PIC = NO;
				GCC_OPTIMIZATION_LEVEL = 0;
				GCC_PRECOMPILE_PREFIX_HEADER = YES;
				GCC_PREFIX_HEADER = TimeMusic_Prefix.pch;
				GCC_THUMB_SUPPORT = NO;
				INFOPLIST_FILE = "TimeMusic-Info.plist";
				IPHONEOS_DEPLOYMENT_TARGET = 4.0;
				PRODUCT_NAME = TimeMusic;
			};
			name = Debug;
		};
		1D6058950D05DD3E006BFB54 /* Release */ = {
			isa = XCBuildConfiguration;
			buildSettings = {
				ALWAYS_SEARCH_USER_PATHS = NO;
				COPY_PHASE_STRIP = YES;
				GCC_PRECOMPILE_PREFIX_HEADER = YES;
				GCC_PREFIX_HEADER = TimeMusic_Prefix.pch;
				GCC_THUMB_SUPPORT = NO;
				INFOPLIST_FILE = "TimeMusic-Info.plist";
				IPHONEOS_DEPLOYMENT_TARGET = 4.0;
				PRODUCT_NAME = TimeMusic;
				VALIDATE_PRODUCT = YES;
			};
			name = Release;
		};
		6E6E99A61313E9C9006C9554 /* Distribution */ = {
			isa = XCBuildConfiguration;
			buildSettings = {
				ARCHS = (
					armv6,
					"$(ARCHS_STANDARD_32_BIT)",
				);
				CODE_SIGN_IDENTITY = "";
				"CODE_SIGN_IDENTITY[sdk=iphoneos*]" = "iPhone Distribution";
				GCC_C_LANGUAGE_STANDARD = c99;
				GCC_THUMB_SUPPORT = NO;
				GCC_WARN_ABOUT_RETURN_TYPE = YES;
				GCC_WARN_UNUSED_VARIABLE = YES;
				IPHONEOS_DEPLOYMENT_TARGET = 4.0;
				OTHER_CFLAGS = "-DNS_BLOCK_ASSERTIONS=1";
				"PROVISIONING_PROFILE[sdk=iphoneos*]" = "";
				SDKROOT = iphoneos;
			};
			name = Distribution;
		};
		6E6E99A71313E9C9006C9554 /* Distribution */ = {
			isa = XCBuildConfiguration;
			buildSettings = {
				ALWAYS_SEARCH_USER_PATHS = NO;
				COPY_PHASE_STRIP = YES;
				GCC_PRECOMPILE_PREFIX_HEADER = YES;
				GCC_PREFIX_HEADER = TimeMusic_Prefix.pch;
				GCC_THUMB_SUPPORT = NO;
				INFOPLIST_FILE = "TimeMusic-Info.plist";
				IPHONEOS_DEPLOYMENT_TARGET = 4.0;
				PRODUCT_NAME = TimeMusic;
				VALIDATE_PRODUCT = YES;
			};
			name = Distribution;
		};
		C01FCF4F08A954540054247B /* Debug */ = {
			isa = XCBuildConfiguration;
			buildSettings = {
				ARCHS = (
					armv6,
					"$(ARCHS_STANDARD_32_BIT)",
				);
				CODE_SIGN_IDENTITY = "";
				"CODE_SIGN_IDENTITY[sdk=iphoneos*]" = "iPhone Developer";
				GCC_C_LANGUAGE_STANDARD = c99;
				GCC_THUMB_SUPPORT = NO;
				GCC_WARN_ABOUT_RETURN_TYPE = YES;
				GCC_WARN_UNUSED_VARIABLE = YES;
				IPHONEOS_DEPLOYMENT_TARGET = 4.0;
				"PROVISIONING_PROFILE[sdk=iphoneos*]" = "";
				SDKROOT = iphoneos;
			};
			name = Debug;
		};
		C01FCF5008A954540054247B /* Release */ = {
			isa = XCBuildConfiguration;
			buildSettings = {
				ARCHS = (
					armv6,
					"$(ARCHS_STANDARD_32_BIT)",
				);
				CODE_SIGN_IDENTITY = "";
				"CODE_SIGN_IDENTITY[sdk=iphoneos*]" = "iPhone Developer";
				GCC_C_LANGUAGE_STANDARD = c99;
				GCC_THUMB_SUPPORT = NO;
				GCC_WARN_ABOUT_RETURN_TYPE = YES;
				GCC_WARN_UNUSED_VARIABLE = YES;
				IPHONEOS_DEPLOYMENT_TARGET = 4.0;
				OTHER_CFLAGS = "-DNS_BLOCK_ASSERTIONS=1";
				"PROVISIONING_PROFILE[sdk=iphoneos*]" = "";
				SDKROOT = iphoneos;
			};
			name = Release;
		};
/* End XCBuildConfiguration section */

/* Begin XCConfigurationList section */
		1D6058960D05DD3E006BFB54 /* Build configuration list for PBXNativeTarget "TimeMusic" */ = {
			isa = XCConfigurationList;
			buildConfigurations = (
				1D6058940D05DD3E006BFB54 /* Debug */,
				1D6058950D05DD3E006BFB54 /* Release */,
				6E6E99A71313E9C9006C9554 /* Distribution */,
			);
			defaultConfigurationIsVisible = 0;
			defaultConfigurationName = Distribution;
		};
		C01FCF4E08A954540054247B /* Build configuration list for PBXProject "TimeMusic" */ = {
			isa = XCConfigurationList;
			buildConfigurations = (
				C01FCF4F08A954540054247B /* Debug */,
				C01FCF5008A954540054247B /* Release */,
				6E6E99A61313E9C9006C9554 /* Distribution */,
			);
			defaultConfigurationIsVisible = 0;
			defaultConfigurationName = Distribution;
		};
/* End XCConfigurationList section */
	};
	rootObject = 29B97313FDCFA39411CA2CEA /* Project object */;
}
